
Microsoft Visual Studio Solution File, Format Version 12.00
# Visual Studio Version 17
VisualStudioVersion = 17.12.35707.178 d17.12
MinimumVisualStudioVersion = 10.0.40219.1
Project("{FAE04EC0-301F-11D3-BF4B-00C04F79EFBC}") = "DS3Tool", "DS3Tool\DS3Tool.csproj", "{0D28CD85-12AE-4A3E-9BD6-883775DD3427}"
EndProject
Global
	GlobalSection(SolutionConfigurationPlatforms) = preSolution
		Debug|Any CPU = Debug|Any CPU
		Release|Any CPU = Release|Any CPU
	EndGlobalSection
	GlobalSection(ProjectConfigurationPlatforms) = postSolution
		{0D28CD85-12AE-4A3E-9BD6-883775DD3427}.Debug|Any CPU.ActiveCfg = Debug|Any CPU
		{0D28CD85-12AE-4A3E-9BD6-883775DD3427}.Debug|Any CPU.Build.0 = Debug|Any CPU
		{0D28CD85-12AE-4A3E-9BD6-883775DD3427}.Release|Any CPU.ActiveCfg = Release|Any CPU
		{0D28CD85-12AE-4A3E-9BD6-883775DD3427}.Release|Any CPU.Build.0 = Release|Any CPU
	EndGlobalSection
	GlobalSection(SolutionProperties) = preSolution
		HideSolutionNode = FALSE
	EndGlobalSection
	GlobalSection(ExtensibilityGlobals) = postSolution
		SolutionGuid = {B360F10B-6253-4C82-8D61-7AC11EA532F1}
	EndGlobalSection
EndGlobal
